
Microsoft Visual Studio Solution File, Format Version 12.00
# Visual Studio Version 17
VisualStudioVersion = 17.6.33801.468
MinimumVisualStudioVersion = 10.0.40219.1
Project("{8BC9CEB8-8B4A-11D0-8D11-00A0C91BC942}") = "DirectUI", "DirectUI\DirectUI.vcxproj", "{A08D0C66-FF0C-456E-9526-16E9C48F93C3}"
EndProject
Project("{8BC9CEB8-8B4A-11D0-8D11-00A0C91BC942}") = "MFCApplication1", "MFCApplication1\MFCApplication1.vcxproj", "{B1489C9A-26C6-4FAB-A133-3AB621D48F78}"
EndProject
Project("{FAE04EC0-301F-11D3-BF4B-00C04F79EFBC}") = "WpfApp1", "WpfApp1\WpfApp1.csproj", "{C2543D4B-44C0-4ECD-9A06-4C1C3C1181DC}"
EndProject
Project("{8BC9CEB8-8B4A-11D0-8D11-00A0C91BC942}") = "MFCApplication_Dispatch", "MFCApplication_Dispatch\MFCApplication_Dispatch.vcxproj", "{DECFDAEB-8761-446D-9931-63B6350142C0}"
EndProject
Project("{8BC9CEB8-8B4A-11D0-8D11-00A0C91BC942}") = "ConsoleApplication1", "ConsoleApplication1\ConsoleApplication1.vcxproj", "{EA1703DA-B20C-4831-9958-7E96A2C6FCF9}"
EndProject
Project("{8BC9CEB8-8B4A-11D0-8D11-00A0C91BC942}") = "MFC_T", "MFC_T\MFC_T.vcxproj", "{E389DDF7-70A0-4803-9F20-B87A86F0B885}"
EndProject
Project("{8BC9CEB8-8B4A-11D0-8D11-00A0C91BC942}") = "DirectComposition_LayeredChildWindow", "DirectCompositionLayeredChildWindow\cpp\DirectComposition_LayeredChildWindow.vcxproj", "{3CCA7237-6EE9-4449-8571-6513C4DA4C76}"
EndProject
Project("{8BC9CEB8-8B4A-11D0-8D11-00A0C91BC942}") = "DirectComposition_Effects", "DirectCompositionEffects\cpp\DirectComposition_Effects.vcxproj", "{A2EA8DA5-F01F-45A9-84C1-0068823A343B}"
EndProject
Project("{8BC9CEB8-8B4A-11D0-8D11-00A0C91BC942}") = "ConsoleApplication_Winhttp", "ConsoleApplication_Winhttp\ConsoleApplication_Winhttp.vcxproj", "{75E6058D-F845-4C65-99FD-0BC40F7A3D21}"
EndProject
Global
	GlobalSection(SolutionConfigurationPlatforms) = preSolution
		Debug|Any CPU = Debug|Any CPU
		Debug|x64 = Debug|x64
		Debug|x86 = Debug|x86
		Release|Any CPU = Release|Any CPU
		Release|x64 = Release|x64
		Release|x86 = Release|x86
	EndGlobalSection
	GlobalSection(ProjectConfigurationPlatforms) = postSolution
		{A08D0C66-FF0C-456E-9526-16E9C48F93C3}.Debug|Any CPU.ActiveCfg = Debug|Win32
		{A08D0C66-FF0C-456E-9526-16E9C48F93C3}.Debug|x64.ActiveCfg = Debug|x64
		{A08D0C66-FF0C-456E-9526-16E9C48F93C3}.Debug|x64.Build.0 = Debug|x64
		{A08D0C66-FF0C-456E-9526-16E9C48F93C3}.Debug|x86.ActiveCfg = Debug|Win32
		{A08D0C66-FF0C-456E-9526-16E9C48F93C3}.Debug|x86.Build.0 = Debug|Win32
		{A08D0C66-FF0C-456E-9526-16E9C48F93C3}.Release|Any CPU.ActiveCfg = Release|Win32
		{A08D0C66-FF0C-456E-9526-16E9C48F93C3}.Release|x64.ActiveCfg = Release|x64
		{A08D0C66-FF0C-456E-9526-16E9C48F93C3}.Release|x64.Build.0 = Release|x64
		{A08D0C66-FF0C-456E-9526-16E9C48F93C3}.Release|x86.ActiveCfg = Release|Win32
		{A08D0C66-FF0C-456E-9526-16E9C48F93C3}.Release|x86.Build.0 = Release|Win32
		{B1489C9A-26C6-4FAB-A133-3AB621D48F78}.Debug|Any CPU.ActiveCfg = Debug|Win32
		{B1489C9A-26C6-4FAB-A133-3AB621D48F78}.Debug|x64.ActiveCfg = Debug|x64
		{B1489C9A-26C6-4FAB-A133-3AB621D48F78}.Debug|x64.Build.0 = Debug|x64
		{B1489C9A-26C6-4FAB-A133-3AB621D48F78}.Debug|x86.ActiveCfg = Debug|Win32
		{B1489C9A-26C6-4FAB-A133-3AB621D48F78}.Debug|x86.Build.0 = Debug|Win32
		{B1489C9A-26C6-4FAB-A133-3AB621D48F78}.Release|Any CPU.ActiveCfg = Release|Win32
		{B1489C9A-26C6-4FAB-A133-3AB621D48F78}.Release|x64.ActiveCfg = Release|x64
		{B1489C9A-26C6-4FAB-A133-3AB621D48F78}.Release|x64.Build.0 = Release|x64
		{B1489C9A-26C6-4FAB-A133-3AB621D48F78}.Release|x86.ActiveCfg = Release|Win32
		{B1489C9A-26C6-4FAB-A133-3AB621D48F78}.Release|x86.Build.0 = Release|Win32
		{C2543D4B-44C0-4ECD-9A06-4C1C3C1181DC}.Debug|Any CPU.ActiveCfg = Debug|Any CPU
		{C2543D4B-44C0-4ECD-9A06-4C1C3C1181DC}.Debug|Any CPU.Build.0 = Debug|Any CPU
		{C2543D4B-44C0-4ECD-9A06-4C1C3C1181DC}.Debug|x64.ActiveCfg = Debug|Any CPU
		{C2543D4B-44C0-4ECD-9A06-4C1C3C1181DC}.Debug|x64.Build.0 = Debug|Any CPU
		{C2543D4B-44C0-4ECD-9A06-4C1C3C1181DC}.Debug|x86.ActiveCfg = Debug|Any CPU
		{C2543D4B-44C0-4ECD-9A06-4C1C3C1181DC}.Debug|x86.Build.0 = Debug|Any CPU
		{C2543D4B-44C0-4ECD-9A06-4C1C3C1181DC}.Release|Any CPU.ActiveCfg = Release|Any CPU
		{C2543D4B-44C0-4ECD-9A06-4C1C3C1181DC}.Release|Any CPU.Build.0 = Release|Any CPU
		{C2543D4B-44C0-4ECD-9A06-4C1C3C1181DC}.Release|x64.ActiveCfg = Release|Any CPU
		{C2543D4B-44C0-4ECD-9A06-4C1C3C1181DC}.Release|x64.Build.0 = Release|Any CPU
		{C2543D4B-44C0-4ECD-9A06-4C1C3C1181DC}.Release|x86.ActiveCfg = Release|Any CPU
		{C2543D4B-44C0-4ECD-9A06-4C1C3C1181DC}.Release|x86.Build.0 = Release|Any CPU
		{DECFDAEB-8761-446D-9931-63B6350142C0}.Debug|Any CPU.ActiveCfg = Debug|Win32
		{DECFDAEB-8761-446D-9931-63B6350142C0}.Debug|x64.ActiveCfg = Debug|x64
		{DECFDAEB-8761-446D-9931-63B6350142C0}.Debug|x64.Build.0 = Debug|x64
		{DECFDAEB-8761-446D-9931-63B6350142C0}.Debug|x86.ActiveCfg = Debug|Win32
		{DECFDAEB-8761-446D-9931-63B6350142C0}.Debug|x86.Build.0 = Debug|Win32
		{DECFDAEB-8761-446D-9931-63B6350142C0}.Release|Any CPU.ActiveCfg = Release|Win32
		{DECFDAEB-8761-446D-9931-63B6350142C0}.Release|x64.ActiveCfg = Release|x64
		{DECFDAEB-8761-446D-9931-63B6350142C0}.Release|x64.Build.0 = Release|x64
		{DECFDAEB-8761-446D-9931-63B6350142C0}.Release|x86.ActiveCfg = Release|Win32
		{DECFDAEB-8761-446D-9931-63B6350142C0}.Release|x86.Build.0 = Release|Win32
		{EA1703DA-B20C-4831-9958-7E96A2C6FCF9}.Debug|Any CPU.ActiveCfg = Debug|Win32
		{EA1703DA-B20C-4831-9958-7E96A2C6FCF9}.Debug|x64.ActiveCfg = Debug|x64
		{EA1703DA-B20C-4831-9958-7E96A2C6FCF9}.Debug|x64.Build.0 = Debug|x64
		{EA1703DA-B20C-4831-9958-7E96A2C6FCF9}.Debug|x86.ActiveCfg = Debug|Win32
		{EA1703DA-B20C-4831-9958-7E96A2C6FCF9}.Debug|x86.Build.0 = Debug|Win32
		{EA1703DA-B20C-4831-9958-7E96A2C6FCF9}.Release|Any CPU.ActiveCfg = Release|Win32
		{EA1703DA-B20C-4831-9958-7E96A2C6FCF9}.Release|x64.ActiveCfg = Release|x64
		{EA1703DA-B20C-4831-9958-7E96A2C6FCF9}.Release|x64.Build.0 = Release|x64
		{EA1703DA-B20C-4831-9958-7E96A2C6FCF9}.Release|x86.ActiveCfg = Release|Win32
		{EA1703DA-B20C-4831-9958-7E96A2C6FCF9}.Release|x86.Build.0 = Release|Win32
		{E389DDF7-70A0-4803-9F20-B87A86F0B885}.Debug|Any CPU.ActiveCfg = Debug|x64
		{E389DDF7-70A0-4803-9F20-B87A86F0B885}.Debug|Any CPU.Build.0 = Debug|x64
		{E389DDF7-70A0-4803-9F20-B87A86F0B885}.Debug|x64.ActiveCfg = Debug|x64
		{E389DDF7-70A0-4803-9F20-B87A86F0B885}.Debug|x64.Build.0 = Debug|x64
		{E389DDF7-70A0-4803-9F20-B87A86F0B885}.Debug|x86.ActiveCfg = Debug|Win32
		{E389DDF7-70A0-4803-9F20-B87A86F0B885}.Debug|x86.Build.0 = Debug|Win32
		{E389DDF7-70A0-4803-9F20-B87A86F0B885}.Release|Any CPU.ActiveCfg = Release|x64
		{E389DDF7-70A0-4803-9F20-B87A86F0B885}.Release|Any CPU.Build.0 = Release|x64
		{E389DDF7-70A0-4803-9F20-B87A86F0B885}.Release|x64.ActiveCfg = Release|x64
		{E389DDF7-70A0-4803-9F20-B87A86F0B885}.Release|x64.Build.0 = Release|x64
		{E389DDF7-70A0-4803-9F20-B87A86F0B885}.Release|x86.ActiveCfg = Release|Win32
		{E389DDF7-70A0-4803-9F20-B87A86F0B885}.Release|x86.Build.0 = Release|Win32
		{3CCA7237-6EE9-4449-8571-6513C4DA4C76}.Debug|Any CPU.ActiveCfg = Debug|Win32
		{3CCA7237-6EE9-4449-8571-6513C4DA4C76}.Debug|Any CPU.Build.0 = Debug|Win32
		{3CCA7237-6EE9-4449-8571-6513C4DA4C76}.Debug|x64.ActiveCfg = Debug|Win32
		{3CCA7237-6EE9-4449-8571-6513C4DA4C76}.Debug|x64.Build.0 = Debug|Win32
		{3CCA7237-6EE9-4449-8571-6513C4DA4C76}.Debug|x86.ActiveCfg = Debug|Win32
		{3CCA7237-6EE9-4449-8571-6513C4DA4C76}.Debug|x86.Build.0 = Debug|Win32
		{3CCA7237-6EE9-4449-8571-6513C4DA4C76}.Release|Any CPU.ActiveCfg = Release|Win32
		{3CCA7237-6EE9-4449-8571-6513C4DA4C76}.Release|Any CPU.Build.0 = Release|Win32
		{3CCA7237-6EE9-4449-8571-6513C4DA4C76}.Release|x64.ActiveCfg = Release|Win32
		{3CCA7237-6EE9-4449-8571-6513C4DA4C76}.Release|x64.Build.0 = Release|Win32
		{3CCA7237-6EE9-4449-8571-6513C4DA4C76}.Release|x86.ActiveCfg = Release|Win32
		{3CCA7237-6EE9-4449-8571-6513C4DA4C76}.Release|x86.Build.0 = Release|Win32
		{A2EA8DA5-F01F-45A9-84C1-0068823A343B}.Debug|Any CPU.ActiveCfg = Debug|Win32
		{A2EA8DA5-F01F-45A9-84C1-0068823A343B}.Debug|Any CPU.Build.0 = Debug|Win32
		{A2EA8DA5-F01F-45A9-84C1-0068823A343B}.Debug|x64.ActiveCfg = Debug|Win32
		{A2EA8DA5-F01F-45A9-84C1-0068823A343B}.Debug|x64.Build.0 = Debug|Win32
		{A2EA8DA5-F01F-45A9-84C1-0068823A343B}.Debug|x86.ActiveCfg = Debug|Win32
		{A2EA8DA5-F01F-45A9-84C1-0068823A343B}.Debug|x86.Build.0 = Debug|Win32
		{A2EA8DA5-F01F-45A9-84C1-0068823A343B}.Release|Any CPU.ActiveCfg = Release|Win32
		{A2EA8DA5-F01F-45A9-84C1-0068823A343B}.Release|Any CPU.Build.0 = Release|Win32
		{A2EA8DA5-F01F-45A9-84C1-0068823A343B}.Release|x64.ActiveCfg = Release|Win32
		{A2EA8DA5-F01F-45A9-84C1-0068823A343B}.Release|x64.Build.0 = Release|Win32
		{A2EA8DA5-F01F-45A9-84C1-0068823A343B}.Release|x86.ActiveCfg = Release|Win32
		{A2EA8DA5-F01F-45A9-84C1-0068823A343B}.Release|x86.Build.0 = Release|Win32
		{75E6058D-F845-4C65-99FD-0BC40F7A3D21}.Debug|Any CPU.ActiveCfg = Debug|x64
		{75E6058D-F845-4C65-99FD-0BC40F7A3D21}.Debug|Any CPU.Build.0 = Debug|x64
		{75E6058D-F845-4C65-99FD-0BC40F7A3D21}.Debug|x64.ActiveCfg = Debug|x64
		{75E6058D-F845-4C65-99FD-0BC40F7A3D21}.Debug|x64.Build.0 = Debug|x64
		{75E6058D-F845-4C65-99FD-0BC40F7A3D21}.Debug|x86.ActiveCfg = Debug|Win32
		{75E6058D-F845-4C65-99FD-0BC40F7A3D21}.Debug|x86.Build.0 = Debug|Win32
		{75E6058D-F845-4C65-99FD-0BC40F7A3D21}.Release|Any CPU.ActiveCfg = Release|x64
		{75E6058D-F845-4C65-99FD-0BC40F7A3D21}.Release|Any CPU.Build.0 = Release|x64
		{75E6058D-F845-4C65-99FD-0BC40F7A3D21}.Release|x64.ActiveCfg = Release|x64
		{75E6058D-F845-4C65-99FD-0BC40F7A3D21}.Release|x64.Build.0 = Release|x64
		{75E6058D-F845-4C65-99FD-0BC40F7A3D21}.Release|x86.ActiveCfg = Release|Win32
		{75E6058D-F845-4C65-99FD-0BC40F7A3D21}.Release|x86.Build.0 = Release|Win32
	EndGlobalSection
	GlobalSection(SolutionProperties) = preSolution
		HideSolutionNode = FALSE
	EndGlobalSection
	GlobalSection(ExtensibilityGlobals) = postSolution
		SolutionGuid = {6231BBF8-CA5C-4B79-961E-11BE92881B7F}
	EndGlobalSection
EndGlobal
